
Microsoft Visual Studio Solution File, Format Version 12.00
# Visual Studio Version 17
VisualStudioVersion = 17.7.34018.315
MinimumVisualStudioVersion = 10.0.40219.1
Project("{FAE04EC0-301F-11D3-BF4B-00C04F79EFBC}") = "MetodoCaracters", "MetodoCaracters\MetodoCaracters.csproj", "{20746250-27AF-4C56-9D29-593C2A7EDBF6}"
EndProject
Global
	GlobalSection(SolutionConfigurationPlatforms) = preSolution
		Debug|Any CPU = Debug|Any CPU
		Release|Any CPU = Release|Any CPU
	EndGlobalSection
	GlobalSection(ProjectConfigurationPlatforms) = postSolution
		{20746250-27AF-4C56-9D29-593C2A7EDBF6}.Debug|Any CPU.ActiveCfg = Debug|Any CPU
		{20746250-27AF-4C56-9D29-593C2A7EDBF6}.Debug|Any CPU.Build.0 = Debug|Any CPU
		{20746250-27AF-4C56-9D29-593C2A7EDBF6}.Release|Any CPU.ActiveCfg = Release|Any CPU
		{20746250-27AF-4C56-9D29-593C2A7EDBF6}.Release|Any CPU.Build.0 = Release|Any CPU
	EndGlobalSection
	GlobalSection(SolutionProperties) = preSolution
		HideSolutionNode = FALSE
	EndGlobalSection
	GlobalSection(ExtensibilityGlobals) = postSolution
		SolutionGuid = {FEC24E58-4074-4156-867C-AE3CABA2F19F}
	EndGlobalSection
EndGlobal
